<Solution>
  <Project Path="../../EnterpriseMessageTransit/EnterpriseMessageTransit.csproj" />
  <Project Path="../RAMQ.Samples.ConfigurationService/RAMQ.Samples.ConfigurationService.csproj" />
  <Project Path="RAMQ.Samples.Queue.HOA5.Backend/RAMQ.Samples.Queue.HOA5.Backend.csproj" />
  <Project Path="RAMQ.Samples.Queue.HOA5.Consumer/RAMQ.Samples.Queue.HOA5.Consumer.csproj" />
  <Project Path="RAMQ.Samples.Queue.TDF.SeqCon.Consumer/RAMQ.Samples.Queue.TDF.SeqCon.Consumer.csproj" />
  <Project Path="RAMQ.Samples.Queue.TDF.SeqCon.StateFul/RAMQ.Samples.Queue.TDF.SeqCon.StateFul.csproj" />
  <Project Path="RAMQ.Samples.Queue.TDF.SeqCon.Subscriber/RAMQ.Samples.Queue.TDF.SeqCon.Subscriber.csproj" />
  <Project Path="RAMQ.Samples.Queue.TDF.SeqCon.Worker/RAMQ.Samples.Queue.TDF.SeqCon.Worker.csproj" />
  <Project Path="RAMQ.Samples.Queue.TDF.Integration.Producer/RAMQ.Samples.Queue.TDF.Integration.Producer.csproj" />
</Solution>
