
Microsoft Visual Studio Solution File, Format Version 12.00
# Visual Studio Version 17
VisualStudioVersion = 17.0.31903.59
MinimumVisualStudioVersion = 10.0.40219.1
Project("{FAE04EC0-301F-11D3-BF4B-00C04F79EFBC}") = "RAMQ.Samples.MessageTransitHelper", "RAMQ.Samples.MessageTransitHelper\RAMQ.Samples.MessageTransitHelper.csproj", "{DB460A54-C2DE-4AD2-A567-784F3A59673A}"
EndProject
Project("{FAE04EC0-301F-11D3-BF4B-00C04F79EFBC}") = "RAMQ.Samples.ConfigurationService", "RAMQ.Samples.ConfigurationService\RAMQ.Samples.ConfigurationService.csproj", "{C7B24777-3A4B-4EB5-AEDA-7F89FAF5B068}"
EndProject
Project("{FAE04EC0-301F-11D3-BF4B-00C04F79EFBC}") = "RAMQ.Samples.RoutingSlip.Booking.Message", "RAMQ.Samples.RoutingSlip.Booking.Message\RAMQ.Samples.RoutingSlip.Booking.Message.csproj", "{4FB502D6-F427-4153-9796-806C4C6DCBDB}"
EndProject
Project("{FAE04EC0-301F-11D3-BF4B-00C04F79EFBC}") = "RAMQ.Samples.Queue.Simple.Message", "RAMQ.Samples.Queue.Simple.Message\RAMQ.Samples.Queue.Simple.Message.csproj", "{F96DCFCF-8D6D-436D-BBD7-A8E816BC5A56}"
EndProject
Project("{FAE04EC0-301F-11D3-BF4B-00C04F79EFBC}") = "RAMQ.Samples.Queue.Simple.Consumer", "RAMQ.Samples.Queue.Simple.Consumer\RAMQ.Samples.Queue.Simple.Consumer.csproj", "{6499C253-D5EB-45D4-84AF-A8865CA883D5}"
EndProject
Project("{FAE04EC0-301F-11D3-BF4B-00C04F79EFBC}") = "RAMQ.Samples.Queue.Simple.Activator", "RAMQ.Samples.Queue.Simple.Activator\RAMQ.Samples.Queue.Simple.Activator.csproj", "{64F148B4-745B-424A-9695-7EB32EF3AA5E}"
EndProject
Project("{FAE04EC0-301F-11D3-BF4B-00C04F79EFBC}") = "RAMQ.Samples.Queue.Simple.Worker", "RAMQ.Samples.Queue.Simple.Worker\RAMQ.Samples.Queue.Simple.Worker.csproj", "{1A10A561-1946-4F65-80E9-1584ADAA4E73}"
EndProject
Project("{FAE04EC0-301F-11D3-BF4B-00C04F79EFBC}") = "RAMQ.Samples.Queue.RoutingSlip.Booking.Activateur", "RAMQ.Samples.Queue.RoutingSlip.Booking.Activateur\RAMQ.Samples.Queue.RoutingSlip.Booking.Activateur.csproj", "{D8780D56-918C-4880-BCFD-7B786EC07CE0}"
EndProject
Project("{FAE04EC0-301F-11D3-BF4B-00C04F79EFBC}") = "RAMQ.Samples.Queue.RoutingSlip.Booking.Worker", "RAMQ.Samples.Queue.RoutingSlip.Booking.Worker\RAMQ.Samples.Queue.RoutingSlip.Booking.Worker.csproj", "{DDF0C6DF-313B-4635-B082-A644DE290CB1}"
EndProject
Project("{FAE04EC0-301F-11D3-BF4B-00C04F79EFBC}") = "RAMQ.Samples.Queue.ClaimCheck.Message", "RAMQ.Samples.Queue.ClaimCheck.Message\RAMQ.Samples.Queue.ClaimCheck.Message.csproj", "{3052A6D0-C70A-4EE7-962A-6F4C4B54E869}"
EndProject
Project("{FAE04EC0-301F-11D3-BF4B-00C04F79EFBC}") = "RAMQ.Samples.Queue.ClaimCheck.Consumer", "RAMQ.Samples.Queue.ClaimCheck.Consumer\RAMQ.Samples.Queue.ClaimCheck.Consumer.csproj", "{0A8EE68E-A7F3-493F-A75F-FEE9DC39B246}"
EndProject
Project("{FAE04EC0-301F-11D3-BF4B-00C04F79EFBC}") = "RAMQ.Samples.Queue.ClaimCheck.Activator", "RAMQ.Samples.Queue.ClaimCheck.Activator\RAMQ.Samples.Queue.ClaimCheck.Activator.csproj", "{408718CF-9B84-4DA8-81D1-7A3A8D7DD34D}"
EndProject
Project("{FAE04EC0-301F-11D3-BF4B-00C04F79EFBC}") = "RAMQ.Samples.Queue.ClaimCheck.Worker", "RAMQ.Samples.Queue.ClaimCheck.Worker\RAMQ.Samples.Queue.ClaimCheck.Worker.csproj", "{986149FC-3214-40F6-A987-06EA174815B0}"
EndProject
Project("{FAE04EC0-301F-11D3-BF4B-00C04F79EFBC}") = "RAMQ.Samples.Queue.MultiTarget.Message", "RAMQ.Samples.Queue.MultiTarget.Message\RAMQ.Samples.Queue.MultiTarget.Message.csproj", "{16692877-3340-4DC8-A14E-06F3B7DAA4D2}"
EndProject
Project("{FAE04EC0-301F-11D3-BF4B-00C04F79EFBC}") = "RAMQ.Samples.Queue.MultiTarget.Consumer", "RAMQ.Samples.Queue.MultiTarget.Consumer\RAMQ.Samples.Queue.MultiTarget.Consumer.csproj", "{7D716DA3-AE5D-4244-95D8-BF7E26928674}"
EndProject
Project("{2150E333-8FDC-42A3-9474-1A3956D46DE8}") = "RAMQ.Samples.Queue.MultiTarget.Activator", "RAMQ.Samples.Queue.MultiTarget.Activator", "{0B6C7FCA-51A0-3D38-BF9F-393D80CC90E8}"
EndProject
Project("{FAE04EC0-301F-11D3-BF4B-00C04F79EFBC}") = "RAMQ.Samples.Queue.MultiTarget.Subscriber", "RAMQ.Samples.Queue.MultiTarget.Activator\RAMQ.Samples.Queue.MultiTarget.Subscriber.csproj", "{A7AFF00B-045F-403A-ACE9-42D57076951A}"
EndProject
Project("{FAE04EC0-301F-11D3-BF4B-00C04F79EFBC}") = "RAMQ.Samples.Queue.MultiTarget.Worker", "RAMQ.Samples.Queue.MultiTarget.Worker\RAMQ.Samples.Queue.MultiTarget.Worker.csproj", "{CC3BD6F9-B366-4AF2-9D62-D2B9C6D2981C}"
EndProject
Project("{FAE04EC0-301F-11D3-BF4B-00C04F79EFBC}") = "RAMQ.Samples.Queue.RequestReply.Message", "RAMQ.Samples.Queue.RequestReply.Message\RAMQ.Samples.Queue.RequestReply.Message.csproj", "{57437C4A-99D7-4CF0-BEEA-8C20E73849B1}"
EndProject
Project("{FAE04EC0-301F-11D3-BF4B-00C04F79EFBC}") = "RAMQ.Samples.Queue.RequestReply.Consumer", "RAMQ.Samples.Queue.RequestReply.Consumer\RAMQ.Samples.Queue.RequestReply.Consumer.csproj", "{4A21DED8-99E7-47AF-B059-C52ED19208B2}"
EndProject
Project("{FAE04EC0-301F-11D3-BF4B-00C04F79EFBC}") = "RAMQ.Samples.Queue.RequestReply.Activator", "RAMQ.Samples.Queue.RequestReply.Activator\RAMQ.Samples.Queue.RequestReply.Activator.csproj", "{48152329-4416-45D1-8021-F9B576DDD672}"
EndProject
Project("{FAE04EC0-301F-11D3-BF4B-00C04F79EFBC}") = "RAMQ.Samples.Queue.RequestReply.Worker", "RAMQ.Samples.Queue.RequestReply.Worker\RAMQ.Samples.Queue.RequestReply.Worker.csproj", "{9B17D54A-E152-42BE-86D3-FC458E7B22DE}"
EndProject
Project("{FAE04EC0-301F-11D3-BF4B-00C04F79EFBC}") = "RAMQ.Samples.Queue.CircuitBreaker.Message", "RAMQ.Samples.Queue.CircuitBreaker.Message\RAMQ.Samples.Queue.CircuitBreaker.Message.csproj", "{58EE1279-8DBB-495C-AB06-6BDC9BFEC8DA}"
EndProject
Project("{FAE04EC0-301F-11D3-BF4B-00C04F79EFBC}") = "RAMQ.Samples.Queue.CircuitBreaker.Worker", "RAMQ.Samples.Queue.CircuitBreaker.Worker\RAMQ.Samples.Queue.CircuitBreaker.Worker.csproj", "{EDFFE44E-9D3F-4414-B063-94DD487A9F02}"
EndProject
Project("{FAE04EC0-301F-11D3-BF4B-00C04F79EFBC}") = "RAMQ.Samples.Topic.PubSub.Event", "RAMQ.Samples.Topic.PubSub.Event\RAMQ.Samples.Topic.PubSub.Event.csproj", "{B65416E9-D498-4FFC-848D-6DC3D662A1F7}"
EndProject
Project("{FAE04EC0-301F-11D3-BF4B-00C04F79EFBC}") = "RAMQ.Samples.Topic.PubSub.Consumer", "RAMQ.Samples.Topic.PubSub.Consumer\RAMQ.Samples.Topic.PubSub.Consumer.csproj", "{A56F3ED8-4918-4C2E-8FFF-3FA924A24AEF}"
EndProject
Project("{FAE04EC0-301F-11D3-BF4B-00C04F79EFBC}") = "RAMQ.Samples.Topic.PubSub.Activator", "RAMQ.Samples.Topic.PubSub.Activator\RAMQ.Samples.Topic.PubSub.Activator.csproj", "{ADB4A16D-BC06-41F5-83C3-18F1D1F6EDCC}"
EndProject
Project("{FAE04EC0-301F-11D3-BF4B-00C04F79EFBC}") = "RAMQ.Samples.Topic.PubSub.Worker", "RAMQ.Samples.Topic.PubSub.Worker\RAMQ.Samples.Topic.PubSub.Worker.csproj", "{6BB5FEB0-7818-403D-AEB8-20AE397C03D7}"
EndProject
Project("{FAE04EC0-301F-11D3-BF4B-00C04F79EFBC}") = "RAMQ.Samples.Topic.RoutingSlip.Booking.Activateur", "RAMQ.Samples.Topic.RoutingSlip.Booking.Activateur\RAMQ.Samples.Topic.RoutingSlip.Booking.Activateur.csproj", "{B81CB68F-2605-49C5-9B83-60546B01863F}"
EndProject
Project("{FAE04EC0-301F-11D3-BF4B-00C04F79EFBC}") = "RAMQ.Samples.Topic.RoutingSlip.Booking.Worker", "RAMQ.Samples.Topic.RoutingSlip.Booking.Worker\RAMQ.Samples.Topic.RoutingSlip.Booking.Worker.csproj", "{CC79F90D-EB2A-4FD5-84E8-0128E388B785}"
EndProject
Project("{2150E333-8FDC-42A3-9474-1A3956D46DE8}") = "RAMQ.Samples.Queue.TDF.Integration", "RAMQ.Samples.Queue.TDF.Integration", "{CDC1B829-3B15-CEE8-BE90-37515A58B1C4}"
EndProject
Project("{FAE04EC0-301F-11D3-BF4B-00C04F79EFBC}") = "RAMQ.Samples.Queue.TDF.Integration.Consumer", "RAMQ.Samples.Queue.TDF.Integration\RAMQ.Samples.Queue.TDF.Integration.Consumer\RAMQ.Samples.Queue.TDF.Integration.Consumer.csproj", "{B37C3E69-C238-4247-BCFD-017E4D3ED4D8}"
EndProject
Project("{FAE04EC0-301F-11D3-BF4B-00C04F79EFBC}") = "RAMQ.Samples.Queue.TDF.Integration.Frontend", "RAMQ.Samples.Queue.TDF.Integration\RAMQ.Samples.Queue.TDF.Integration.Frontend\RAMQ.Samples.Queue.TDF.Integration.Frontend.csproj", "{5D01BCF9-3B39-4A89-A171-FA6822805678}"
EndProject
Project("{FAE04EC0-301F-11D3-BF4B-00C04F79EFBC}") = "RAMQ.Samples.Queue.TDF.Integration.Producer", "RAMQ.Samples.Queue.TDF.Integration\RAMQ.Samples.Queue.TDF.Integration.Producer\RAMQ.Samples.Queue.TDF.Integration.Producer.csproj", "{FCFC1170-9E37-458F-9B37-B8786AB16691}"
EndProject
Project("{FAE04EC0-301F-11D3-BF4B-00C04F79EFBC}") = "RAMQ.Samples.Queue.TDF.Integration.Subscriber", "RAMQ.Samples.Queue.TDF.Integration\RAMQ.Samples.Queue.TDF.Integration.Subscriber\RAMQ.Samples.Queue.TDF.Integration.Subscriber.csproj", "{F132F35C-95C2-4EED-9067-B92F7ECDF51F}"
EndProject
Project("{FAE04EC0-301F-11D3-BF4B-00C04F79EFBC}") = "RAMQ.Samples.Queue.TDF.Integration.DurableOrchestrator", "RAMQ.Samples.Queue.TDF.Integration\RAMQ.Samples.Queue.TDF.Integration.DurableOrchestrator\RAMQ.Samples.Queue.TDF.Integration.DurableOrchestrator.csproj", "{C7F807F8-3CBA-482C-9FC3-0E86CCC1CB75}"
EndProject
Project("{FAE04EC0-301F-11D3-BF4B-00C04F79EFBC}") = "RAMQ.Samples.Queue.HOA5.Consumer", "RAMQ.Samples.Queue.TDF.Integration\RAMQ.Samples.Queue.HOA5.Consumer\RAMQ.Samples.Queue.HOA5.Consumer.csproj", "{576BB012-2C05-4C99-968A-C8E0E8FD861F}"
EndProject
Project("{FAE04EC0-301F-11D3-BF4B-00C04F79EFBC}") = "RAMQ.Samples.Queue.HOA5.Integration.Backend", "RAMQ.Samples.Queue.TDF.Integration\RAMQ.Samples.Queue.HOA5.Integration.Backend\RAMQ.Samples.Queue.HOA5.Integration.Backend.csproj", "{1682C4D2-D488-4D4B-8406-91459A0CB746}"
EndProject
Global
	GlobalSection(SolutionConfigurationPlatforms) = preSolution
		Debug|Any CPU = Debug|Any CPU
		Debug|x64 = Debug|x64
		Debug|x86 = Debug|x86
		Release|Any CPU = Release|Any CPU
		Release|x64 = Release|x64
		Release|x86 = Release|x86
	EndGlobalSection
	GlobalSection(ProjectConfigurationPlatforms) = postSolution
		{DB460A54-C2DE-4AD2-A567-784F3A59673A}.Debug|Any CPU.ActiveCfg = Debug|Any CPU
		{DB460A54-C2DE-4AD2-A567-784F3A59673A}.Debug|Any CPU.Build.0 = Debug|Any CPU
		{DB460A54-C2DE-4AD2-A567-784F3A59673A}.Debug|x64.ActiveCfg = Debug|Any CPU
		{DB460A54-C2DE-4AD2-A567-784F3A59673A}.Debug|x64.Build.0 = Debug|Any CPU
		{DB460A54-C2DE-4AD2-A567-784F3A59673A}.Debug|x86.ActiveCfg = Debug|Any CPU
		{DB460A54-C2DE-4AD2-A567-784F3A59673A}.Debug|x86.Build.0 = Debug|Any CPU
		{DB460A54-C2DE-4AD2-A567-784F3A59673A}.Release|Any CPU.ActiveCfg = Release|Any CPU
		{DB460A54-C2DE-4AD2-A567-784F3A59673A}.Release|Any CPU.Build.0 = Release|Any CPU
		{DB460A54-C2DE-4AD2-A567-784F3A59673A}.Release|x64.ActiveCfg = Release|Any CPU
		{DB460A54-C2DE-4AD2-A567-784F3A59673A}.Release|x64.Build.0 = Release|Any CPU
		{DB460A54-C2DE-4AD2-A567-784F3A59673A}.Release|x86.ActiveCfg = Release|Any CPU
		{DB460A54-C2DE-4AD2-A567-784F3A59673A}.Release|x86.Build.0 = Release|Any CPU
		{C7B24777-3A4B-4EB5-AEDA-7F89FAF5B068}.Debug|Any CPU.ActiveCfg = Debug|Any CPU
		{C7B24777-3A4B-4EB5-AEDA-7F89FAF5B068}.Debug|Any CPU.Build.0 = Debug|Any CPU
		{C7B24777-3A4B-4EB5-AEDA-7F89FAF5B068}.Debug|x64.ActiveCfg = Debug|Any CPU
		{C7B24777-3A4B-4EB5-AEDA-7F89FAF5B068}.Debug|x64.Build.0 = Debug|Any CPU
		{C7B24777-3A4B-4EB5-AEDA-7F89FAF5B068}.Debug|x86.ActiveCfg = Debug|Any CPU
		{C7B24777-3A4B-4EB5-AEDA-7F89FAF5B068}.Debug|x86.Build.0 = Debug|Any CPU
		{C7B24777-3A4B-4EB5-AEDA-7F89FAF5B068}.Release|Any CPU.ActiveCfg = Release|Any CPU
		{C7B24777-3A4B-4EB5-AEDA-7F89FAF5B068}.Release|Any CPU.Build.0 = Release|Any CPU
		{C7B24777-3A4B-4EB5-AEDA-7F89FAF5B068}.Release|x64.ActiveCfg = Release|Any CPU
		{C7B24777-3A4B-4EB5-AEDA-7F89FAF5B068}.Release|x64.Build.0 = Release|Any CPU
		{C7B24777-3A4B-4EB5-AEDA-7F89FAF5B068}.Release|x86.ActiveCfg = Release|Any CPU
		{C7B24777-3A4B-4EB5-AEDA-7F89FAF5B068}.Release|x86.Build.0 = Release|Any CPU
		{4FB502D6-F427-4153-9796-806C4C6DCBDB}.Debug|Any CPU.ActiveCfg = Debug|Any CPU
		{4FB502D6-F427-4153-9796-806C4C6DCBDB}.Debug|Any CPU.Build.0 = Debug|Any CPU
		{4FB502D6-F427-4153-9796-806C4C6DCBDB}.Debug|x64.ActiveCfg = Debug|Any CPU
		{4FB502D6-F427-4153-9796-806C4C6DCBDB}.Debug|x64.Build.0 = Debug|Any CPU
		{4FB502D6-F427-4153-9796-806C4C6DCBDB}.Debug|x86.ActiveCfg = Debug|Any CPU
		{4FB502D6-F427-4153-9796-806C4C6DCBDB}.Debug|x86.Build.0 = Debug|Any CPU
		{4FB502D6-F427-4153-9796-806C4C6DCBDB}.Release|Any CPU.ActiveCfg = Release|Any CPU
		{4FB502D6-F427-4153-9796-806C4C6DCBDB}.Release|Any CPU.Build.0 = Release|Any CPU
		{4FB502D6-F427-4153-9796-806C4C6DCBDB}.Release|x64.ActiveCfg = Release|Any CPU
		{4FB502D6-F427-4153-9796-806C4C6DCBDB}.Release|x64.Build.0 = Release|Any CPU
		{4FB502D6-F427-4153-9796-806C4C6DCBDB}.Release|x86.ActiveCfg = Release|Any CPU
		{4FB502D6-F427-4153-9796-806C4C6DCBDB}.Release|x86.Build.0 = Release|Any CPU
		{F96DCFCF-8D6D-436D-BBD7-A8E816BC5A56}.Debug|Any CPU.ActiveCfg = Debug|Any CPU
		{F96DCFCF-8D6D-436D-BBD7-A8E816BC5A56}.Debug|Any CPU.Build.0 = Debug|Any CPU
		{F96DCFCF-8D6D-436D-BBD7-A8E816BC5A56}.Debug|x64.ActiveCfg = Debug|Any CPU
		{F96DCFCF-8D6D-436D-BBD7-A8E816BC5A56}.Debug|x64.Build.0 = Debug|Any CPU
		{F96DCFCF-8D6D-436D-BBD7-A8E816BC5A56}.Debug|x86.ActiveCfg = Debug|Any CPU
		{F96DCFCF-8D6D-436D-BBD7-A8E816BC5A56}.Debug|x86.Build.0 = Debug|Any CPU
		{F96DCFCF-8D6D-436D-BBD7-A8E816BC5A56}.Release|Any CPU.ActiveCfg = Release|Any CPU
		{F96DCFCF-8D6D-436D-BBD7-A8E816BC5A56}.Release|Any CPU.Build.0 = Release|Any CPU
		{F96DCFCF-8D6D-436D-BBD7-A8E816BC5A56}.Release|x64.ActiveCfg = Release|Any CPU
		{F96DCFCF-8D6D-436D-BBD7-A8E816BC5A56}.Release|x64.Build.0 = Release|Any CPU
		{F96DCFCF-8D6D-436D-BBD7-A8E816BC5A56}.Release|x86.ActiveCfg = Release|Any CPU
		{F96DCFCF-8D6D-436D-BBD7-A8E816BC5A56}.Release|x86.Build.0 = Release|Any CPU
		{6499C253-D5EB-45D4-84AF-A8865CA883D5}.Debug|Any CPU.ActiveCfg = Debug|Any CPU
		{6499C253-D5EB-45D4-84AF-A8865CA883D5}.Debug|Any CPU.Build.0 = Debug|Any CPU
		{6499C253-D5EB-45D4-84AF-A8865CA883D5}.Debug|x64.ActiveCfg = Debug|Any CPU
		{6499C253-D5EB-45D4-84AF-A8865CA883D5}.Debug|x64.Build.0 = Debug|Any CPU
		{6499C253-D5EB-45D4-84AF-A8865CA883D5}.Debug|x86.ActiveCfg = Debug|Any CPU
		{6499C253-D5EB-45D4-84AF-A8865CA883D5}.Debug|x86.Build.0 = Debug|Any CPU
		{6499C253-D5EB-45D4-84AF-A8865CA883D5}.Release|Any CPU.ActiveCfg = Release|Any CPU
		{6499C253-D5EB-45D4-84AF-A8865CA883D5}.Release|Any CPU.Build.0 = Release|Any CPU
		{6499C253-D5EB-45D4-84AF-A8865CA883D5}.Release|x64.ActiveCfg = Release|Any CPU
		{6499C253-D5EB-45D4-84AF-A8865CA883D5}.Release|x64.Build.0 = Release|Any CPU
		{6499C253-D5EB-45D4-84AF-A8865CA883D5}.Release|x86.ActiveCfg = Release|Any CPU
		{6499C253-D5EB-45D4-84AF-A8865CA883D5}.Release|x86.Build.0 = Release|Any CPU
		{64F148B4-745B-424A-9695-7EB32EF3AA5E}.Debug|Any CPU.ActiveCfg = Debug|Any CPU
		{64F148B4-745B-424A-9695-7EB32EF3AA5E}.Debug|Any CPU.Build.0 = Debug|Any CPU
		{64F148B4-745B-424A-9695-7EB32EF3AA5E}.Debug|x64.ActiveCfg = Debug|Any CPU
		{64F148B4-745B-424A-9695-7EB32EF3AA5E}.Debug|x64.Build.0 = Debug|Any CPU
		{64F148B4-745B-424A-9695-7EB32EF3AA5E}.Debug|x86.ActiveCfg = Debug|Any CPU
		{64F148B4-745B-424A-9695-7EB32EF3AA5E}.Debug|x86.Build.0 = Debug|Any CPU
		{64F148B4-745B-424A-9695-7EB32EF3AA5E}.Release|Any CPU.ActiveCfg = Release|Any CPU
		{64F148B4-745B-424A-9695-7EB32EF3AA5E}.Release|Any CPU.Build.0 = Release|Any CPU
		{64F148B4-745B-424A-9695-7EB32EF3AA5E}.Release|x64.ActiveCfg = Release|Any CPU
		{64F148B4-745B-424A-9695-7EB32EF3AA5E}.Release|x64.Build.0 = Release|Any CPU
		{64F148B4-745B-424A-9695-7EB32EF3AA5E}.Release|x86.ActiveCfg = Release|Any CPU
		{64F148B4-745B-424A-9695-7EB32EF3AA5E}.Release|x86.Build.0 = Release|Any CPU
		{1A10A561-1946-4F65-80E9-1584ADAA4E73}.Debug|Any CPU.ActiveCfg = Debug|Any CPU
		{1A10A561-1946-4F65-80E9-1584ADAA4E73}.Debug|Any CPU.Build.0 = Debug|Any CPU
		{1A10A561-1946-4F65-80E9-1584ADAA4E73}.Debug|x64.ActiveCfg = Debug|Any CPU
		{1A10A561-1946-4F65-80E9-1584ADAA4E73}.Debug|x64.Build.0 = Debug|Any CPU
		{1A10A561-1946-4F65-80E9-1584ADAA4E73}.Debug|x86.ActiveCfg = Debug|Any CPU
		{1A10A561-1946-4F65-80E9-1584ADAA4E73}.Debug|x86.Build.0 = Debug|Any CPU
		{1A10A561-1946-4F65-80E9-1584ADAA4E73}.Release|Any CPU.ActiveCfg = Release|Any CPU
		{1A10A561-1946-4F65-80E9-1584ADAA4E73}.Release|Any CPU.Build.0 = Release|Any CPU
		{1A10A561-1946-4F65-80E9-1584ADAA4E73}.Release|x64.ActiveCfg = Release|Any CPU
		{1A10A561-1946-4F65-80E9-1584ADAA4E73}.Release|x64.Build.0 = Release|Any CPU
		{1A10A561-1946-4F65-80E9-1584ADAA4E73}.Release|x86.ActiveCfg = Release|Any CPU
		{1A10A561-1946-4F65-80E9-1584ADAA4E73}.Release|x86.Build.0 = Release|Any CPU
		{D8780D56-918C-4880-BCFD-7B786EC07CE0}.Debug|Any CPU.ActiveCfg = Debug|Any CPU
		{D8780D56-918C-4880-BCFD-7B786EC07CE0}.Debug|Any CPU.Build.0 = Debug|Any CPU
		{D8780D56-918C-4880-BCFD-7B786EC07CE0}.Debug|x64.ActiveCfg = Debug|Any CPU
		{D8780D56-918C-4880-BCFD-7B786EC07CE0}.Debug|x64.Build.0 = Debug|Any CPU
		{D8780D56-918C-4880-BCFD-7B786EC07CE0}.Debug|x86.ActiveCfg = Debug|Any CPU
		{D8780D56-918C-4880-BCFD-7B786EC07CE0}.Debug|x86.Build.0 = Debug|Any CPU
		{D8780D56-918C-4880-BCFD-7B786EC07CE0}.Release|Any CPU.ActiveCfg = Release|Any CPU
		{D8780D56-918C-4880-BCFD-7B786EC07CE0}.Release|Any CPU.Build.0 = Release|Any CPU
		{D8780D56-918C-4880-BCFD-7B786EC07CE0}.Release|x64.ActiveCfg = Release|Any CPU
		{D8780D56-918C-4880-BCFD-7B786EC07CE0}.Release|x64.Build.0 = Release|Any CPU
		{D8780D56-918C-4880-BCFD-7B786EC07CE0}.Release|x86.ActiveCfg = Release|Any CPU
		{D8780D56-918C-4880-BCFD-7B786EC07CE0}.Release|x86.Build.0 = Release|Any CPU
		{DDF0C6DF-313B-4635-B082-A644DE290CB1}.Debug|Any CPU.ActiveCfg = Debug|Any CPU
		{DDF0C6DF-313B-4635-B082-A644DE290CB1}.Debug|Any CPU.Build.0 = Debug|Any CPU
		{DDF0C6DF-313B-4635-B082-A644DE290CB1}.Debug|x64.ActiveCfg = Debug|Any CPU
		{DDF0C6DF-313B-4635-B082-A644DE290CB1}.Debug|x64.Build.0 = Debug|Any CPU
		{DDF0C6DF-313B-4635-B082-A644DE290CB1}.Debug|x86.ActiveCfg = Debug|Any CPU
		{DDF0C6DF-313B-4635-B082-A644DE290CB1}.Debug|x86.Build.0 = Debug|Any CPU
		{DDF0C6DF-313B-4635-B082-A644DE290CB1}.Release|Any CPU.ActiveCfg = Release|Any CPU
		{DDF0C6DF-313B-4635-B082-A644DE290CB1}.Release|Any CPU.Build.0 = Release|Any CPU
		{DDF0C6DF-313B-4635-B082-A644DE290CB1}.Release|x64.ActiveCfg = Release|Any CPU
		{DDF0C6DF-313B-4635-B082-A644DE290CB1}.Release|x64.Build.0 = Release|Any CPU
		{DDF0C6DF-313B-4635-B082-A644DE290CB1}.Release|x86.ActiveCfg = Release|Any CPU
		{DDF0C6DF-313B-4635-B082-A644DE290CB1}.Release|x86.Build.0 = Release|Any CPU
		{3052A6D0-C70A-4EE7-962A-6F4C4B54E869}.Debug|Any CPU.ActiveCfg = Debug|Any CPU
		{3052A6D0-C70A-4EE7-962A-6F4C4B54E869}.Debug|Any CPU.Build.0 = Debug|Any CPU
		{3052A6D0-C70A-4EE7-962A-6F4C4B54E869}.Debug|x64.ActiveCfg = Debug|Any CPU
		{3052A6D0-C70A-4EE7-962A-6F4C4B54E869}.Debug|x64.Build.0 = Debug|Any CPU
		{3052A6D0-C70A-4EE7-962A-6F4C4B54E869}.Debug|x86.ActiveCfg = Debug|Any CPU
		{3052A6D0-C70A-4EE7-962A-6F4C4B54E869}.Debug|x86.Build.0 = Debug|Any CPU
		{3052A6D0-C70A-4EE7-962A-6F4C4B54E869}.Release|Any CPU.ActiveCfg = Release|Any CPU
		{3052A6D0-C70A-4EE7-962A-6F4C4B54E869}.Release|Any CPU.Build.0 = Release|Any CPU
		{3052A6D0-C70A-4EE7-962A-6F4C4B54E869}.Release|x64.ActiveCfg = Release|Any CPU
		{3052A6D0-C70A-4EE7-962A-6F4C4B54E869}.Release|x64.Build.0 = Release|Any CPU
		{3052A6D0-C70A-4EE7-962A-6F4C4B54E869}.Release|x86.ActiveCfg = Release|Any CPU
		{3052A6D0-C70A-4EE7-962A-6F4C4B54E869}.Release|x86.Build.0 = Release|Any CPU
		{0A8EE68E-A7F3-493F-A75F-FEE9DC39B246}.Debug|Any CPU.ActiveCfg = Debug|Any CPU
		{0A8EE68E-A7F3-493F-A75F-FEE9DC39B246}.Debug|Any CPU.Build.0 = Debug|Any CPU
		{0A8EE68E-A7F3-493F-A75F-FEE9DC39B246}.Debug|x64.ActiveCfg = Debug|Any CPU
		{0A8EE68E-A7F3-493F-A75F-FEE9DC39B246}.Debug|x64.Build.0 = Debug|Any CPU
		{0A8EE68E-A7F3-493F-A75F-FEE9DC39B246}.Debug|x86.ActiveCfg = Debug|Any CPU
		{0A8EE68E-A7F3-493F-A75F-FEE9DC39B246}.Debug|x86.Build.0 = Debug|Any CPU
		{0A8EE68E-A7F3-493F-A75F-FEE9DC39B246}.Release|Any CPU.ActiveCfg = Release|Any CPU
		{0A8EE68E-A7F3-493F-A75F-FEE9DC39B246}.Release|Any CPU.Build.0 = Release|Any CPU
		{0A8EE68E-A7F3-493F-A75F-FEE9DC39B246}.Release|x64.ActiveCfg = Release|Any CPU
		{0A8EE68E-A7F3-493F-A75F-FEE9DC39B246}.Release|x64.Build.0 = Release|Any CPU
		{0A8EE68E-A7F3-493F-A75F-FEE9DC39B246}.Release|x86.ActiveCfg = Release|Any CPU
		{0A8EE68E-A7F3-493F-A75F-FEE9DC39B246}.Release|x86.Build.0 = Release|Any CPU
		{408718CF-9B84-4DA8-81D1-7A3A8D7DD34D}.Debug|Any CPU.ActiveCfg = Debug|Any CPU
		{408718CF-9B84-4DA8-81D1-7A3A8D7DD34D}.Debug|Any CPU.Build.0 = Debug|Any CPU
		{408718CF-9B84-4DA8-81D1-7A3A8D7DD34D}.Debug|x64.ActiveCfg = Debug|Any CPU
		{408718CF-9B84-4DA8-81D1-7A3A8D7DD34D}.Debug|x64.Build.0 = Debug|Any CPU
		{408718CF-9B84-4DA8-81D1-7A3A8D7DD34D}.Debug|x86.ActiveCfg = Debug|Any CPU
		{408718CF-9B84-4DA8-81D1-7A3A8D7DD34D}.Debug|x86.Build.0 = Debug|Any CPU
		{408718CF-9B84-4DA8-81D1-7A3A8D7DD34D}.Release|Any CPU.ActiveCfg = Release|Any CPU
		{408718CF-9B84-4DA8-81D1-7A3A8D7DD34D}.Release|Any CPU.Build.0 = Release|Any CPU
		{408718CF-9B84-4DA8-81D1-7A3A8D7DD34D}.Release|x64.ActiveCfg = Release|Any CPU
		{408718CF-9B84-4DA8-81D1-7A3A8D7DD34D}.Release|x64.Build.0 = Release|Any CPU
		{408718CF-9B84-4DA8-81D1-7A3A8D7DD34D}.Release|x86.ActiveCfg = Release|Any CPU
		{408718CF-9B84-4DA8-81D1-7A3A8D7DD34D}.Release|x86.Build.0 = Release|Any CPU
		{986149FC-3214-40F6-A987-06EA174815B0}.Debug|Any CPU.ActiveCfg = Debug|Any CPU
		{986149FC-3214-40F6-A987-06EA174815B0}.Debug|Any CPU.Build.0 = Debug|Any CPU
		{986149FC-3214-40F6-A987-06EA174815B0}.Debug|x64.ActiveCfg = Debug|Any CPU
		{986149FC-3214-40F6-A987-06EA174815B0}.Debug|x64.Build.0 = Debug|Any CPU
		{986149FC-3214-40F6-A987-06EA174815B0}.Debug|x86.ActiveCfg = Debug|Any CPU
		{986149FC-3214-40F6-A987-06EA174815B0}.Debug|x86.Build.0 = Debug|Any CPU
		{986149FC-3214-40F6-A987-06EA174815B0}.Release|Any CPU.ActiveCfg = Release|Any CPU
		{986149FC-3214-40F6-A987-06EA174815B0}.Release|Any CPU.Build.0 = Release|Any CPU
		{986149FC-3214-40F6-A987-06EA174815B0}.Release|x64.ActiveCfg = Release|Any CPU
		{986149FC-3214-40F6-A987-06EA174815B0}.Release|x64.Build.0 = Release|Any CPU
		{986149FC-3214-40F6-A987-06EA174815B0}.Release|x86.ActiveCfg = Release|Any CPU
		{986149FC-3214-40F6-A987-06EA174815B0}.Release|x86.Build.0 = Release|Any CPU
		{16692877-3340-4DC8-A14E-06F3B7DAA4D2}.Debug|Any CPU.ActiveCfg = Debug|Any CPU
		{16692877-3340-4DC8-A14E-06F3B7DAA4D2}.Debug|Any CPU.Build.0 = Debug|Any CPU
		{16692877-3340-4DC8-A14E-06F3B7DAA4D2}.Debug|x64.ActiveCfg = Debug|Any CPU
		{16692877-3340-4DC8-A14E-06F3B7DAA4D2}.Debug|x64.Build.0 = Debug|Any CPU
		{16692877-3340-4DC8-A14E-06F3B7DAA4D2}.Debug|x86.ActiveCfg = Debug|Any CPU
		{16692877-3340-4DC8-A14E-06F3B7DAA4D2}.Debug|x86.Build.0 = Debug|Any CPU
		{16692877-3340-4DC8-A14E-06F3B7DAA4D2}.Release|Any CPU.ActiveCfg = Release|Any CPU
		{16692877-3340-4DC8-A14E-06F3B7DAA4D2}.Release|Any CPU.Build.0 = Release|Any CPU
		{16692877-3340-4DC8-A14E-06F3B7DAA4D2}.Release|x64.ActiveCfg = Release|Any CPU
		{16692877-3340-4DC8-A14E-06F3B7DAA4D2}.Release|x64.Build.0 = Release|Any CPU
		{16692877-3340-4DC8-A14E-06F3B7DAA4D2}.Release|x86.ActiveCfg = Release|Any CPU
		{16692877-3340-4DC8-A14E-06F3B7DAA4D2}.Release|x86.Build.0 = Release|Any CPU
		{7D716DA3-AE5D-4244-95D8-BF7E26928674}.Debug|Any CPU.ActiveCfg = Debug|Any CPU
		{7D716DA3-AE5D-4244-95D8-BF7E26928674}.Debug|Any CPU.Build.0 = Debug|Any CPU
		{7D716DA3-AE5D-4244-95D8-BF7E26928674}.Debug|x64.ActiveCfg = Debug|Any CPU
		{7D716DA3-AE5D-4244-95D8-BF7E26928674}.Debug|x64.Build.0 = Debug|Any CPU
		{7D716DA3-AE5D-4244-95D8-BF7E26928674}.Debug|x86.ActiveCfg = Debug|Any CPU
		{7D716DA3-AE5D-4244-95D8-BF7E26928674}.Debug|x86.Build.0 = Debug|Any CPU
		{7D716DA3-AE5D-4244-95D8-BF7E26928674}.Release|Any CPU.ActiveCfg = Release|Any CPU
		{7D716DA3-AE5D-4244-95D8-BF7E26928674}.Release|Any CPU.Build.0 = Release|Any CPU
		{7D716DA3-AE5D-4244-95D8-BF7E26928674}.Release|x64.ActiveCfg = Release|Any CPU
		{7D716DA3-AE5D-4244-95D8-BF7E26928674}.Release|x64.Build.0 = Release|Any CPU
		{7D716DA3-AE5D-4244-95D8-BF7E26928674}.Release|x86.ActiveCfg = Release|Any CPU
		{7D716DA3-AE5D-4244-95D8-BF7E26928674}.Release|x86.Build.0 = Release|Any CPU
		{A7AFF00B-045F-403A-ACE9-42D57076951A}.Debug|Any CPU.ActiveCfg = Debug|Any CPU
		{A7AFF00B-045F-403A-ACE9-42D57076951A}.Debug|Any CPU.Build.0 = Debug|Any CPU
		{A7AFF00B-045F-403A-ACE9-42D57076951A}.Debug|x64.ActiveCfg = Debug|Any CPU
		{A7AFF00B-045F-403A-ACE9-42D57076951A}.Debug|x64.Build.0 = Debug|Any CPU
		{A7AFF00B-045F-403A-ACE9-42D57076951A}.Debug|x86.ActiveCfg = Debug|Any CPU
		{A7AFF00B-045F-403A-ACE9-42D57076951A}.Debug|x86.Build.0 = Debug|Any CPU
		{A7AFF00B-045F-403A-ACE9-42D57076951A}.Release|Any CPU.ActiveCfg = Release|Any CPU
		{A7AFF00B-045F-403A-ACE9-42D57076951A}.Release|Any CPU.Build.0 = Release|Any CPU
		{A7AFF00B-045F-403A-ACE9-42D57076951A}.Release|x64.ActiveCfg = Release|Any CPU
		{A7AFF00B-045F-403A-ACE9-42D57076951A}.Release|x64.Build.0 = Release|Any CPU
		{A7AFF00B-045F-403A-ACE9-42D57076951A}.Release|x86.ActiveCfg = Release|Any CPU
		{A7AFF00B-045F-403A-ACE9-42D57076951A}.Release|x86.Build.0 = Release|Any CPU
		{CC3BD6F9-B366-4AF2-9D62-D2B9C6D2981C}.Debug|Any CPU.ActiveCfg = Debug|Any CPU
		{CC3BD6F9-B366-4AF2-9D62-D2B9C6D2981C}.Debug|Any CPU.Build.0 = Debug|Any CPU
		{CC3BD6F9-B366-4AF2-9D62-D2B9C6D2981C}.Debug|x64.ActiveCfg = Debug|Any CPU
		{CC3BD6F9-B366-4AF2-9D62-D2B9C6D2981C}.Debug|x64.Build.0 = Debug|Any CPU
		{CC3BD6F9-B366-4AF2-9D62-D2B9C6D2981C}.Debug|x86.ActiveCfg = Debug|Any CPU
		{CC3BD6F9-B366-4AF2-9D62-D2B9C6D2981C}.Debug|x86.Build.0 = Debug|Any CPU
		{CC3BD6F9-B366-4AF2-9D62-D2B9C6D2981C}.Release|Any CPU.ActiveCfg = Release|Any CPU
		{CC3BD6F9-B366-4AF2-9D62-D2B9C6D2981C}.Release|Any CPU.Build.0 = Release|Any CPU
		{CC3BD6F9-B366-4AF2-9D62-D2B9C6D2981C}.Release|x64.ActiveCfg = Release|Any CPU
		{CC3BD6F9-B366-4AF2-9D62-D2B9C6D2981C}.Release|x64.Build.0 = Release|Any CPU
		{CC3BD6F9-B366-4AF2-9D62-D2B9C6D2981C}.Release|x86.ActiveCfg = Release|Any CPU
		{CC3BD6F9-B366-4AF2-9D62-D2B9C6D2981C}.Release|x86.Build.0 = Release|Any CPU
		{57437C4A-99D7-4CF0-BEEA-8C20E73849B1}.Debug|Any CPU.ActiveCfg = Debug|Any CPU
		{57437C4A-99D7-4CF0-BEEA-8C20E73849B1}.Debug|Any CPU.Build.0 = Debug|Any CPU
		{57437C4A-99D7-4CF0-BEEA-8C20E73849B1}.Debug|x64.ActiveCfg = Debug|Any CPU
		{57437C4A-99D7-4CF0-BEEA-8C20E73849B1}.Debug|x64.Build.0 = Debug|Any CPU
		{57437C4A-99D7-4CF0-BEEA-8C20E73849B1}.Debug|x86.ActiveCfg = Debug|Any CPU
		{57437C4A-99D7-4CF0-BEEA-8C20E73849B1}.Debug|x86.Build.0 = Debug|Any CPU
		{57437C4A-99D7-4CF0-BEEA-8C20E73849B1}.Release|Any CPU.ActiveCfg = Release|Any CPU
		{57437C4A-99D7-4CF0-BEEA-8C20E73849B1}.Release|Any CPU.Build.0 = Release|Any CPU
		{57437C4A-99D7-4CF0-BEEA-8C20E73849B1}.Release|x64.ActiveCfg = Release|Any CPU
		{57437C4A-99D7-4CF0-BEEA-8C20E73849B1}.Release|x64.Build.0 = Release|Any CPU
		{57437C4A-99D7-4CF0-BEEA-8C20E73849B1}.Release|x86.ActiveCfg = Release|Any CPU
		{57437C4A-99D7-4CF0-BEEA-8C20E73849B1}.Release|x86.Build.0 = Release|Any CPU
		{4A21DED8-99E7-47AF-B059-C52ED19208B2}.Debug|Any CPU.ActiveCfg = Debug|Any CPU
		{4A21DED8-99E7-47AF-B059-C52ED19208B2}.Debug|Any CPU.Build.0 = Debug|Any CPU
		{4A21DED8-99E7-47AF-B059-C52ED19208B2}.Debug|x64.ActiveCfg = Debug|Any CPU
		{4A21DED8-99E7-47AF-B059-C52ED19208B2}.Debug|x64.Build.0 = Debug|Any CPU
		{4A21DED8-99E7-47AF-B059-C52ED19208B2}.Debug|x86.ActiveCfg = Debug|Any CPU
		{4A21DED8-99E7-47AF-B059-C52ED19208B2}.Debug|x86.Build.0 = Debug|Any CPU
		{4A21DED8-99E7-47AF-B059-C52ED19208B2}.Release|Any CPU.ActiveCfg = Release|Any CPU
		{4A21DED8-99E7-47AF-B059-C52ED19208B2}.Release|Any CPU.Build.0 = Release|Any CPU
		{4A21DED8-99E7-47AF-B059-C52ED19208B2}.Release|x64.ActiveCfg = Release|Any CPU
		{4A21DED8-99E7-47AF-B059-C52ED19208B2}.Release|x64.Build.0 = Release|Any CPU
		{4A21DED8-99E7-47AF-B059-C52ED19208B2}.Release|x86.ActiveCfg = Release|Any CPU
		{4A21DED8-99E7-47AF-B059-C52ED19208B2}.Release|x86.Build.0 = Release|Any CPU
		{48152329-4416-45D1-8021-F9B576DDD672}.Debug|Any CPU.ActiveCfg = Debug|Any CPU
		{48152329-4416-45D1-8021-F9B576DDD672}.Debug|Any CPU.Build.0 = Debug|Any CPU
		{48152329-4416-45D1-8021-F9B576DDD672}.Debug|x64.ActiveCfg = Debug|Any CPU
		{48152329-4416-45D1-8021-F9B576DDD672}.Debug|x64.Build.0 = Debug|Any CPU
		{48152329-4416-45D1-8021-F9B576DDD672}.Debug|x86.ActiveCfg = Debug|Any CPU
		{48152329-4416-45D1-8021-F9B576DDD672}.Debug|x86.Build.0 = Debug|Any CPU
		{48152329-4416-45D1-8021-F9B576DDD672}.Release|Any CPU.ActiveCfg = Release|Any CPU
		{48152329-4416-45D1-8021-F9B576DDD672}.Release|Any CPU.Build.0 = Release|Any CPU
		{48152329-4416-45D1-8021-F9B576DDD672}.Release|x64.ActiveCfg = Release|Any CPU
		{48152329-4416-45D1-8021-F9B576DDD672}.Release|x64.Build.0 = Release|Any CPU
		{48152329-4416-45D1-8021-F9B576DDD672}.Release|x86.ActiveCfg = Release|Any CPU
		{48152329-4416-45D1-8021-F9B576DDD672}.Release|x86.Build.0 = Release|Any CPU
		{9B17D54A-E152-42BE-86D3-FC458E7B22DE}.Debug|Any CPU.ActiveCfg = Debug|Any CPU
		{9B17D54A-E152-42BE-86D3-FC458E7B22DE}.Debug|Any CPU.Build.0 = Debug|Any CPU
		{9B17D54A-E152-42BE-86D3-FC458E7B22DE}.Debug|x64.ActiveCfg = Debug|Any CPU
		{9B17D54A-E152-42BE-86D3-FC458E7B22DE}.Debug|x64.Build.0 = Debug|Any CPU
		{9B17D54A-E152-42BE-86D3-FC458E7B22DE}.Debug|x86.ActiveCfg = Debug|Any CPU
		{9B17D54A-E152-42BE-86D3-FC458E7B22DE}.Debug|x86.Build.0 = Debug|Any CPU
		{9B17D54A-E152-42BE-86D3-FC458E7B22DE}.Release|Any CPU.ActiveCfg = Release|Any CPU
		{9B17D54A-E152-42BE-86D3-FC458E7B22DE}.Release|Any CPU.Build.0 = Release|Any CPU
		{9B17D54A-E152-42BE-86D3-FC458E7B22DE}.Release|x64.ActiveCfg = Release|Any CPU
		{9B17D54A-E152-42BE-86D3-FC458E7B22DE}.Release|x64.Build.0 = Release|Any CPU
		{9B17D54A-E152-42BE-86D3-FC458E7B22DE}.Release|x86.ActiveCfg = Release|Any CPU
		{9B17D54A-E152-42BE-86D3-FC458E7B22DE}.Release|x86.Build.0 = Release|Any CPU
		{58EE1279-8DBB-495C-AB06-6BDC9BFEC8DA}.Debug|Any CPU.ActiveCfg = Debug|Any CPU
		{58EE1279-8DBB-495C-AB06-6BDC9BFEC8DA}.Debug|Any CPU.Build.0 = Debug|Any CPU
		{58EE1279-8DBB-495C-AB06-6BDC9BFEC8DA}.Debug|x64.ActiveCfg = Debug|Any CPU
		{58EE1279-8DBB-495C-AB06-6BDC9BFEC8DA}.Debug|x64.Build.0 = Debug|Any CPU
		{58EE1279-8DBB-495C-AB06-6BDC9BFEC8DA}.Debug|x86.ActiveCfg = Debug|Any CPU
		{58EE1279-8DBB-495C-AB06-6BDC9BFEC8DA}.Debug|x86.Build.0 = Debug|Any CPU
		{58EE1279-8DBB-495C-AB06-6BDC9BFEC8DA}.Release|Any CPU.ActiveCfg = Release|Any CPU
		{58EE1279-8DBB-495C-AB06-6BDC9BFEC8DA}.Release|Any CPU.Build.0 = Release|Any CPU
		{58EE1279-8DBB-495C-AB06-6BDC9BFEC8DA}.Release|x64.ActiveCfg = Release|Any CPU
		{58EE1279-8DBB-495C-AB06-6BDC9BFEC8DA}.Release|x64.Build.0 = Release|Any CPU
		{58EE1279-8DBB-495C-AB06-6BDC9BFEC8DA}.Release|x86.ActiveCfg = Release|Any CPU
		{58EE1279-8DBB-495C-AB06-6BDC9BFEC8DA}.Release|x86.Build.0 = Release|Any CPU
		{EDFFE44E-9D3F-4414-B063-94DD487A9F02}.Debug|Any CPU.ActiveCfg = Debug|Any CPU
		{EDFFE44E-9D3F-4414-B063-94DD487A9F02}.Debug|Any CPU.Build.0 = Debug|Any CPU
		{EDFFE44E-9D3F-4414-B063-94DD487A9F02}.Debug|x64.ActiveCfg = Debug|Any CPU
		{EDFFE44E-9D3F-4414-B063-94DD487A9F02}.Debug|x64.Build.0 = Debug|Any CPU
		{EDFFE44E-9D3F-4414-B063-94DD487A9F02}.Debug|x86.ActiveCfg = Debug|Any CPU
		{EDFFE44E-9D3F-4414-B063-94DD487A9F02}.Debug|x86.Build.0 = Debug|Any CPU
		{EDFFE44E-9D3F-4414-B063-94DD487A9F02}.Release|Any CPU.ActiveCfg = Release|Any CPU
		{EDFFE44E-9D3F-4414-B063-94DD487A9F02}.Release|Any CPU.Build.0 = Release|Any CPU
		{EDFFE44E-9D3F-4414-B063-94DD487A9F02}.Release|x64.ActiveCfg = Release|Any CPU
		{EDFFE44E-9D3F-4414-B063-94DD487A9F02}.Release|x64.Build.0 = Release|Any CPU
		{EDFFE44E-9D3F-4414-B063-94DD487A9F02}.Release|x86.ActiveCfg = Release|Any CPU
		{EDFFE44E-9D3F-4414-B063-94DD487A9F02}.Release|x86.Build.0 = Release|Any CPU
		{B65416E9-D498-4FFC-848D-6DC3D662A1F7}.Debug|Any CPU.ActiveCfg = Debug|Any CPU
		{B65416E9-D498-4FFC-848D-6DC3D662A1F7}.Debug|Any CPU.Build.0 = Debug|Any CPU
		{B65416E9-D498-4FFC-848D-6DC3D662A1F7}.Debug|x64.ActiveCfg = Debug|Any CPU
		{B65416E9-D498-4FFC-848D-6DC3D662A1F7}.Debug|x64.Build.0 = Debug|Any CPU
		{B65416E9-D498-4FFC-848D-6DC3D662A1F7}.Debug|x86.ActiveCfg = Debug|Any CPU
		{B65416E9-D498-4FFC-848D-6DC3D662A1F7}.Debug|x86.Build.0 = Debug|Any CPU
		{B65416E9-D498-4FFC-848D-6DC3D662A1F7}.Release|Any CPU.ActiveCfg = Release|Any CPU
		{B65416E9-D498-4FFC-848D-6DC3D662A1F7}.Release|Any CPU.Build.0 = Release|Any CPU
		{B65416E9-D498-4FFC-848D-6DC3D662A1F7}.Release|x64.ActiveCfg = Release|Any CPU
		{B65416E9-D498-4FFC-848D-6DC3D662A1F7}.Release|x64.Build.0 = Release|Any CPU
		{B65416E9-D498-4FFC-848D-6DC3D662A1F7}.Release|x86.ActiveCfg = Release|Any CPU
		{B65416E9-D498-4FFC-848D-6DC3D662A1F7}.Release|x86.Build.0 = Release|Any CPU
		{A56F3ED8-4918-4C2E-8FFF-3FA924A24AEF}.Debug|Any CPU.ActiveCfg = Debug|Any CPU
		{A56F3ED8-4918-4C2E-8FFF-3FA924A24AEF}.Debug|Any CPU.Build.0 = Debug|Any CPU
		{A56F3ED8-4918-4C2E-8FFF-3FA924A24AEF}.Debug|x64.ActiveCfg = Debug|Any CPU
		{A56F3ED8-4918-4C2E-8FFF-3FA924A24AEF}.Debug|x64.Build.0 = Debug|Any CPU
		{A56F3ED8-4918-4C2E-8FFF-3FA924A24AEF}.Debug|x86.ActiveCfg = Debug|Any CPU
		{A56F3ED8-4918-4C2E-8FFF-3FA924A24AEF}.Debug|x86.Build.0 = Debug|Any CPU
		{A56F3ED8-4918-4C2E-8FFF-3FA924A24AEF}.Release|Any CPU.ActiveCfg = Release|Any CPU
		{A56F3ED8-4918-4C2E-8FFF-3FA924A24AEF}.Release|Any CPU.Build.0 = Release|Any CPU
		{A56F3ED8-4918-4C2E-8FFF-3FA924A24AEF}.Release|x64.ActiveCfg = Release|Any CPU
		{A56F3ED8-4918-4C2E-8FFF-3FA924A24AEF}.Release|x64.Build.0 = Release|Any CPU
		{A56F3ED8-4918-4C2E-8FFF-3FA924A24AEF}.Release|x86.ActiveCfg = Release|Any CPU
		{A56F3ED8-4918-4C2E-8FFF-3FA924A24AEF}.Release|x86.Build.0 = Release|Any CPU
		{ADB4A16D-BC06-41F5-83C3-18F1D1F6EDCC}.Debug|Any CPU.ActiveCfg = Debug|Any CPU
		{ADB4A16D-BC06-41F5-83C3-18F1D1F6EDCC}.Debug|Any CPU.Build.0 = Debug|Any CPU
		{ADB4A16D-BC06-41F5-83C3-18F1D1F6EDCC}.Debug|x64.ActiveCfg = Debug|Any CPU
		{ADB4A16D-BC06-41F5-83C3-18F1D1F6EDCC}.Debug|x64.Build.0 = Debug|Any CPU
		{ADB4A16D-BC06-41F5-83C3-18F1D1F6EDCC}.Debug|x86.ActiveCfg = Debug|Any CPU
		{ADB4A16D-BC06-41F5-83C3-18F1D1F6EDCC}.Debug|x86.Build.0 = Debug|Any CPU
		{ADB4A16D-BC06-41F5-83C3-18F1D1F6EDCC}.Release|Any CPU.ActiveCfg = Release|Any CPU
		{ADB4A16D-BC06-41F5-83C3-18F1D1F6EDCC}.Release|Any CPU.Build.0 = Release|Any CPU
		{ADB4A16D-BC06-41F5-83C3-18F1D1F6EDCC}.Release|x64.ActiveCfg = Release|Any CPU
		{ADB4A16D-BC06-41F5-83C3-18F1D1F6EDCC}.Release|x64.Build.0 = Release|Any CPU
		{ADB4A16D-BC06-41F5-83C3-18F1D1F6EDCC}.Release|x86.ActiveCfg = Release|Any CPU
		{ADB4A16D-BC06-41F5-83C3-18F1D1F6EDCC}.Release|x86.Build.0 = Release|Any CPU
		{6BB5FEB0-7818-403D-AEB8-20AE397C03D7}.Debug|Any CPU.ActiveCfg = Debug|Any CPU
		{6BB5FEB0-7818-403D-AEB8-20AE397C03D7}.Debug|Any CPU.Build.0 = Debug|Any CPU
		{6BB5FEB0-7818-403D-AEB8-20AE397C03D7}.Debug|x64.ActiveCfg = Debug|Any CPU
		{6BB5FEB0-7818-403D-AEB8-20AE397C03D7}.Debug|x64.Build.0 = Debug|Any CPU
		{6BB5FEB0-7818-403D-AEB8-20AE397C03D7}.Debug|x86.ActiveCfg = Debug|Any CPU
		{6BB5FEB0-7818-403D-AEB8-20AE397C03D7}.Debug|x86.Build.0 = Debug|Any CPU
		{6BB5FEB0-7818-403D-AEB8-20AE397C03D7}.Release|Any CPU.ActiveCfg = Release|Any CPU
		{6BB5FEB0-7818-403D-AEB8-20AE397C03D7}.Release|Any CPU.Build.0 = Release|Any CPU
		{6BB5FEB0-7818-403D-AEB8-20AE397C03D7}.Release|x64.ActiveCfg = Release|Any CPU
		{6BB5FEB0-7818-403D-AEB8-20AE397C03D7}.Release|x64.Build.0 = Release|Any CPU
		{6BB5FEB0-7818-403D-AEB8-20AE397C03D7}.Release|x86.ActiveCfg = Release|Any CPU
		{6BB5FEB0-7818-403D-AEB8-20AE397C03D7}.Release|x86.Build.0 = Release|Any CPU
		{B81CB68F-2605-49C5-9B83-60546B01863F}.Debug|Any CPU.ActiveCfg = Debug|Any CPU
		{B81CB68F-2605-49C5-9B83-60546B01863F}.Debug|Any CPU.Build.0 = Debug|Any CPU
		{B81CB68F-2605-49C5-9B83-60546B01863F}.Debug|x64.ActiveCfg = Debug|Any CPU
		{B81CB68F-2605-49C5-9B83-60546B01863F}.Debug|x64.Build.0 = Debug|Any CPU
		{B81CB68F-2605-49C5-9B83-60546B01863F}.Debug|x86.ActiveCfg = Debug|Any CPU
		{B81CB68F-2605-49C5-9B83-60546B01863F}.Debug|x86.Build.0 = Debug|Any CPU
		{B81CB68F-2605-49C5-9B83-60546B01863F}.Release|Any CPU.ActiveCfg = Release|Any CPU
		{B81CB68F-2605-49C5-9B83-60546B01863F}.Release|Any CPU.Build.0 = Release|Any CPU
		{B81CB68F-2605-49C5-9B83-60546B01863F}.Release|x64.ActiveCfg = Release|Any CPU
		{B81CB68F-2605-49C5-9B83-60546B01863F}.Release|x64.Build.0 = Release|Any CPU
		{B81CB68F-2605-49C5-9B83-60546B01863F}.Release|x86.ActiveCfg = Release|Any CPU
		{B81CB68F-2605-49C5-9B83-60546B01863F}.Release|x86.Build.0 = Release|Any CPU
		{CC79F90D-EB2A-4FD5-84E8-0128E388B785}.Debug|Any CPU.ActiveCfg = Debug|Any CPU
		{CC79F90D-EB2A-4FD5-84E8-0128E388B785}.Debug|Any CPU.Build.0 = Debug|Any CPU
		{CC79F90D-EB2A-4FD5-84E8-0128E388B785}.Debug|x64.ActiveCfg = Debug|Any CPU
		{CC79F90D-EB2A-4FD5-84E8-0128E388B785}.Debug|x64.Build.0 = Debug|Any CPU
		{CC79F90D-EB2A-4FD5-84E8-0128E388B785}.Debug|x86.ActiveCfg = Debug|Any CPU
		{CC79F90D-EB2A-4FD5-84E8-0128E388B785}.Debug|x86.Build.0 = Debug|Any CPU
		{CC79F90D-EB2A-4FD5-84E8-0128E388B785}.Release|Any CPU.ActiveCfg = Release|Any CPU
		{CC79F90D-EB2A-4FD5-84E8-0128E388B785}.Release|Any CPU.Build.0 = Release|Any CPU
		{CC79F90D-EB2A-4FD5-84E8-0128E388B785}.Release|x64.ActiveCfg = Release|Any CPU
		{CC79F90D-EB2A-4FD5-84E8-0128E388B785}.Release|x64.Build.0 = Release|Any CPU
		{CC79F90D-EB2A-4FD5-84E8-0128E388B785}.Release|x86.ActiveCfg = Release|Any CPU
		{CC79F90D-EB2A-4FD5-84E8-0128E388B785}.Release|x86.Build.0 = Release|Any CPU
		{B37C3E69-C238-4247-BCFD-017E4D3ED4D8}.Debug|Any CPU.ActiveCfg = Debug|Any CPU
		{B37C3E69-C238-4247-BCFD-017E4D3ED4D8}.Debug|Any CPU.Build.0 = Debug|Any CPU
		{B37C3E69-C238-4247-BCFD-017E4D3ED4D8}.Debug|x64.ActiveCfg = Debug|Any CPU
		{B37C3E69-C238-4247-BCFD-017E4D3ED4D8}.Debug|x64.Build.0 = Debug|Any CPU
		{B37C3E69-C238-4247-BCFD-017E4D3ED4D8}.Debug|x86.ActiveCfg = Debug|Any CPU
		{B37C3E69-C238-4247-BCFD-017E4D3ED4D8}.Debug|x86.Build.0 = Debug|Any CPU
		{B37C3E69-C238-4247-BCFD-017E4D3ED4D8}.Release|Any CPU.ActiveCfg = Release|Any CPU
		{B37C3E69-C238-4247-BCFD-017E4D3ED4D8}.Release|Any CPU.Build.0 = Release|Any CPU
		{B37C3E69-C238-4247-BCFD-017E4D3ED4D8}.Release|x64.ActiveCfg = Release|Any CPU
		{B37C3E69-C238-4247-BCFD-017E4D3ED4D8}.Release|x64.Build.0 = Release|Any CPU
		{B37C3E69-C238-4247-BCFD-017E4D3ED4D8}.Release|x86.ActiveCfg = Release|Any CPU
		{B37C3E69-C238-4247-BCFD-017E4D3ED4D8}.Release|x86.Build.0 = Release|Any CPU
		{5D01BCF9-3B39-4A89-A171-FA6822805678}.Debug|Any CPU.ActiveCfg = Debug|Any CPU
		{5D01BCF9-3B39-4A89-A171-FA6822805678}.Debug|Any CPU.Build.0 = Debug|Any CPU
		{5D01BCF9-3B39-4A89-A171-FA6822805678}.Debug|x64.ActiveCfg = Debug|Any CPU
		{5D01BCF9-3B39-4A89-A171-FA6822805678}.Debug|x64.Build.0 = Debug|Any CPU
		{5D01BCF9-3B39-4A89-A171-FA6822805678}.Debug|x86.ActiveCfg = Debug|Any CPU
		{5D01BCF9-3B39-4A89-A171-FA6822805678}.Debug|x86.Build.0 = Debug|Any CPU
		{5D01BCF9-3B39-4A89-A171-FA6822805678}.Release|Any CPU.ActiveCfg = Release|Any CPU
		{5D01BCF9-3B39-4A89-A171-FA6822805678}.Release|Any CPU.Build.0 = Release|Any CPU
		{5D01BCF9-3B39-4A89-A171-FA6822805678}.Release|x64.ActiveCfg = Release|Any CPU
		{5D01BCF9-3B39-4A89-A171-FA6822805678}.Release|x64.Build.0 = Release|Any CPU
		{5D01BCF9-3B39-4A89-A171-FA6822805678}.Release|x86.ActiveCfg = Release|Any CPU
		{5D01BCF9-3B39-4A89-A171-FA6822805678}.Release|x86.Build.0 = Release|Any CPU
		{FCFC1170-9E37-458F-9B37-B8786AB16691}.Debug|Any CPU.ActiveCfg = Debug|Any CPU
		{FCFC1170-9E37-458F-9B37-B8786AB16691}.Debug|Any CPU.Build.0 = Debug|Any CPU
		{FCFC1170-9E37-458F-9B37-B8786AB16691}.Debug|x64.ActiveCfg = Debug|Any CPU
		{FCFC1170-9E37-458F-9B37-B8786AB16691}.Debug|x64.Build.0 = Debug|Any CPU
		{FCFC1170-9E37-458F-9B37-B8786AB16691}.Debug|x86.ActiveCfg = Debug|Any CPU
		{FCFC1170-9E37-458F-9B37-B8786AB16691}.Debug|x86.Build.0 = Debug|Any CPU
		{FCFC1170-9E37-458F-9B37-B8786AB16691}.Release|Any CPU.ActiveCfg = Release|Any CPU
		{FCFC1170-9E37-458F-9B37-B8786AB16691}.Release|Any CPU.Build.0 = Release|Any CPU
		{FCFC1170-9E37-458F-9B37-B8786AB16691}.Release|x64.ActiveCfg = Release|Any CPU
		{FCFC1170-9E37-458F-9B37-B8786AB16691}.Release|x64.Build.0 = Release|Any CPU
		{FCFC1170-9E37-458F-9B37-B8786AB16691}.Release|x86.ActiveCfg = Release|Any CPU
		{FCFC1170-9E37-458F-9B37-B8786AB16691}.Release|x86.Build.0 = Release|Any CPU
		{F132F35C-95C2-4EED-9067-B92F7ECDF51F}.Debug|Any CPU.ActiveCfg = Debug|Any CPU
		{F132F35C-95C2-4EED-9067-B92F7ECDF51F}.Debug|Any CPU.Build.0 = Debug|Any CPU
		{F132F35C-95C2-4EED-9067-B92F7ECDF51F}.Debug|x64.ActiveCfg = Debug|Any CPU
		{F132F35C-95C2-4EED-9067-B92F7ECDF51F}.Debug|x64.Build.0 = Debug|Any CPU
		{F132F35C-95C2-4EED-9067-B92F7ECDF51F}.Debug|x86.ActiveCfg = Debug|Any CPU
		{F132F35C-95C2-4EED-9067-B92F7ECDF51F}.Debug|x86.Build.0 = Debug|Any CPU
		{F132F35C-95C2-4EED-9067-B92F7ECDF51F}.Release|Any CPU.ActiveCfg = Release|Any CPU
		{F132F35C-95C2-4EED-9067-B92F7ECDF51F}.Release|Any CPU.Build.0 = Release|Any CPU
		{F132F35C-95C2-4EED-9067-B92F7ECDF51F}.Release|x64.ActiveCfg = Release|Any CPU
		{F132F35C-95C2-4EED-9067-B92F7ECDF51F}.Release|x64.Build.0 = Release|Any CPU
		{F132F35C-95C2-4EED-9067-B92F7ECDF51F}.Release|x86.ActiveCfg = Release|Any CPU
		{F132F35C-95C2-4EED-9067-B92F7ECDF51F}.Release|x86.Build.0 = Release|Any CPU
		{C7F807F8-3CBA-482C-9FC3-0E86CCC1CB75}.Debug|Any CPU.ActiveCfg = Debug|Any CPU
		{C7F807F8-3CBA-482C-9FC3-0E86CCC1CB75}.Debug|Any CPU.Build.0 = Debug|Any CPU
		{C7F807F8-3CBA-482C-9FC3-0E86CCC1CB75}.Debug|x64.ActiveCfg = Debug|Any CPU
		{C7F807F8-3CBA-482C-9FC3-0E86CCC1CB75}.Debug|x64.Build.0 = Debug|Any CPU
		{C7F807F8-3CBA-482C-9FC3-0E86CCC1CB75}.Debug|x86.ActiveCfg = Debug|Any CPU
		{C7F807F8-3CBA-482C-9FC3-0E86CCC1CB75}.Debug|x86.Build.0 = Debug|Any CPU
		{C7F807F8-3CBA-482C-9FC3-0E86CCC1CB75}.Release|Any CPU.ActiveCfg = Release|Any CPU
		{C7F807F8-3CBA-482C-9FC3-0E86CCC1CB75}.Release|Any CPU.Build.0 = Release|Any CPU
		{C7F807F8-3CBA-482C-9FC3-0E86CCC1CB75}.Release|x64.ActiveCfg = Release|Any CPU
		{C7F807F8-3CBA-482C-9FC3-0E86CCC1CB75}.Release|x64.Build.0 = Release|Any CPU
		{C7F807F8-3CBA-482C-9FC3-0E86CCC1CB75}.Release|x86.ActiveCfg = Release|Any CPU
		{C7F807F8-3CBA-482C-9FC3-0E86CCC1CB75}.Release|x86.Build.0 = Release|Any CPU
		{576BB012-2C05-4C99-968A-C8E0E8FD861F}.Debug|Any CPU.ActiveCfg = Debug|Any CPU
		{576BB012-2C05-4C99-968A-C8E0E8FD861F}.Debug|Any CPU.Build.0 = Debug|Any CPU
		{576BB012-2C05-4C99-968A-C8E0E8FD861F}.Debug|x64.ActiveCfg = Debug|Any CPU
		{576BB012-2C05-4C99-968A-C8E0E8FD861F}.Debug|x64.Build.0 = Debug|Any CPU
		{576BB012-2C05-4C99-968A-C8E0E8FD861F}.Debug|x86.ActiveCfg = Debug|Any CPU
		{576BB012-2C05-4C99-968A-C8E0E8FD861F}.Debug|x86.Build.0 = Debug|Any CPU
		{576BB012-2C05-4C99-968A-C8E0E8FD861F}.Release|Any CPU.ActiveCfg = Release|Any CPU
		{576BB012-2C05-4C99-968A-C8E0E8FD861F}.Release|Any CPU.Build.0 = Release|Any CPU
		{576BB012-2C05-4C99-968A-C8E0E8FD861F}.Release|x64.ActiveCfg = Release|Any CPU
		{576BB012-2C05-4C99-968A-C8E0E8FD861F}.Release|x64.Build.0 = Release|Any CPU
		{576BB012-2C05-4C99-968A-C8E0E8FD861F}.Release|x86.ActiveCfg = Release|Any CPU
		{576BB012-2C05-4C99-968A-C8E0E8FD861F}.Release|x86.Build.0 = Release|Any CPU
		{1682C4D2-D488-4D4B-8406-91459A0CB746}.Debug|Any CPU.ActiveCfg = Debug|Any CPU
		{1682C4D2-D488-4D4B-8406-91459A0CB746}.Debug|Any CPU.Build.0 = Debug|Any CPU
		{1682C4D2-D488-4D4B-8406-91459A0CB746}.Debug|x64.ActiveCfg = Debug|Any CPU
		{1682C4D2-D488-4D4B-8406-91459A0CB746}.Debug|x64.Build.0 = Debug|Any CPU
		{1682C4D2-D488-4D4B-8406-91459A0CB746}.Debug|x86.ActiveCfg = Debug|Any CPU
		{1682C4D2-D488-4D4B-8406-91459A0CB746}.Debug|x86.Build.0 = Debug|Any CPU
		{1682C4D2-D488-4D4B-8406-91459A0CB746}.Release|Any CPU.ActiveCfg = Release|Any CPU
		{1682C4D2-D488-4D4B-8406-91459A0CB746}.Release|Any CPU.Build.0 = Release|Any CPU
		{1682C4D2-D488-4D4B-8406-91459A0CB746}.Release|x64.ActiveCfg = Release|Any CPU
		{1682C4D2-D488-4D4B-8406-91459A0CB746}.Release|x64.Build.0 = Release|Any CPU
		{1682C4D2-D488-4D4B-8406-91459A0CB746}.Release|x86.ActiveCfg = Release|Any CPU
		{1682C4D2-D488-4D4B-8406-91459A0CB746}.Release|x86.Build.0 = Release|Any CPU
	EndGlobalSection
	GlobalSection(SolutionProperties) = preSolution
		HideSolutionNode = FALSE
	EndGlobalSection
	GlobalSection(NestedProjects) = preSolution
		{A7AFF00B-045F-403A-ACE9-42D57076951A} = {0B6C7FCA-51A0-3D38-BF9F-393D80CC90E8}
		{B37C3E69-C238-4247-BCFD-017E4D3ED4D8} = {CDC1B829-3B15-CEE8-BE90-37515A58B1C4}
		{5D01BCF9-3B39-4A89-A171-FA6822805678} = {CDC1B829-3B15-CEE8-BE90-37515A58B1C4}
		{FCFC1170-9E37-458F-9B37-B8786AB16691} = {CDC1B829-3B15-CEE8-BE90-37515A58B1C4}
		{F132F35C-95C2-4EED-9067-B92F7ECDF51F} = {CDC1B829-3B15-CEE8-BE90-37515A58B1C4}
		{C7F807F8-3CBA-482C-9FC3-0E86CCC1CB75} = {CDC1B829-3B15-CEE8-BE90-37515A58B1C4}
		{576BB012-2C05-4C99-968A-C8E0E8FD861F} = {CDC1B829-3B15-CEE8-BE90-37515A58B1C4}
		{1682C4D2-D488-4D4B-8406-91459A0CB746} = {CDC1B829-3B15-CEE8-BE90-37515A58B1C4}
	EndGlobalSection
EndGlobal
